
Microsoft Visual Studio Solution File, Format Version 12.00
# Visual Studio Version 16
VisualStudioVersion = 16.0.29924.181
MinimumVisualStudioVersion = 10.0.40219.1
Project("{FAE04EC0-301F-11D3-BF4B-00C04F79EFBC}") = "InterfaceSegregationPrincipleSample", "InterfaceSegregationPrincipleSample\InterfaceSegregationPrincipleSample.csproj", "{B5A2B81A-40BB-43AC-8608-B3F361675438}"
EndProject
Global
	GlobalSection(SolutionConfigurationPlatforms) = preSolution
		Debug|Any CPU = Debug|Any CPU
		Release|Any CPU = Release|Any CPU
	EndGlobalSection
	GlobalSection(ProjectConfigurationPlatforms) = postSolution
		{B5A2B81A-40BB-43AC-8608-B3F361675438}.Debug|Any CPU.ActiveCfg = Debug|Any CPU
		{B5A2B81A-40BB-43AC-8608-B3F361675438}.Debug|Any CPU.Build.0 = Debug|Any CPU
		{B5A2B81A-40BB-43AC-8608-B3F361675438}.Release|Any CPU.ActiveCfg = Release|Any CPU
		{B5A2B81A-40BB-43AC-8608-B3F361675438}.Release|Any CPU.Build.0 = Release|Any CPU
	EndGlobalSection
	GlobalSection(SolutionProperties) = preSolution
		HideSolutionNode = FALSE
	EndGlobalSection
	GlobalSection(ExtensibilityGlobals) = postSolution
		SolutionGuid = {C4D4E8F6-62C8-434A-950A-FE97AF805177}
	EndGlobalSection
EndGlobal
